{
  "requires": true,
  "lockfileVersion": 1,
  "dependencies": {
    "components": {
      "version": "0.1.0",
      "resolved": "https://registry.npmjs.org/components/-/components-0.1.0.tgz",
      "integrity": "sha1-IFfAjpx78mYv7slcSeX/Kpq4XtU="
    },
    "styled": {
      "version": "1.0.0",
      "resolved": "https://registry.npmjs.org/styled/-/styled-1.0.0.tgz",
      "integrity": "sha1-S0/ztd8GEBaHCr/XF3/2kW6u3GA="
    }
  }
}
